
Microsoft Visual Studio Solution File, Format Version 12.00
# Visual Studio 14
VisualStudioVersion = 14.0.25420.1
MinimumVisualStudioVersion = 10.0.40219.1
Project("{8BB2217D-0F2D-49D1-97BC-3654ED321F3B}") = "QuickFrame.Data", "QuickFrame.Data\src\QuickFrame.Data\QuickFrame.Data.xproj", "{FFAAA0D3-9D45-4BC9-A605-75583B70EBE0}"
EndProject
Project("{8BB2217D-0F2D-49D1-97BC-3654ED321F3B}") = "QuickFrame.Mvc", "QuickFrame.Mvc\src\QuickFrame.Mvc\QuickFrame.Mvc.xproj", "{4A788E03-B383-4AAA-BE26-74F4CF2B41DB}"
EndProject
Project("{8BB2217D-0F2D-49D1-97BC-3654ED321F3B}") = "QuickFrame.Security", "QuickFrame.Security\src\QuickFrame.Security\QuickFrame.Security.xproj", "{F3285315-15B7-434D-8510-D452F542AE55}"
EndProject
Project("{8BB2217D-0F2D-49D1-97BC-3654ED321F3B}") = "QuickFrame", "QuickFrame\src\QuickFrame\QuickFrame.xproj", "{C482D6AA-E79A-43F4-9B3D-38889C1B44AD}"
EndProject
Project("{8BB2217D-0F2D-49D1-97BC-3654ED321F3B}") = "QuickFrame.IO", "QuickFrame.IO\src\QuickFrame.IO\QuickFrame.IO.xproj", "{0D18DB3E-1A36-4C02-9769-44E6F4D99DEE}"
EndProject
Global
	GlobalSection(SolutionConfigurationPlatforms) = preSolution
		Debug|Any CPU = Debug|Any CPU
		Release|Any CPU = Release|Any CPU
		Staging|Any CPU = Staging|Any CPU
	EndGlobalSection
	GlobalSection(ProjectConfigurationPlatforms) = postSolution
		{FFAAA0D3-9D45-4BC9-A605-75583B70EBE0}.Debug|Any CPU.ActiveCfg = Debug|Any CPU
		{FFAAA0D3-9D45-4BC9-A605-75583B70EBE0}.Debug|Any CPU.Build.0 = Debug|Any CPU
		{FFAAA0D3-9D45-4BC9-A605-75583B70EBE0}.Release|Any CPU.ActiveCfg = Release|Any CPU
		{FFAAA0D3-9D45-4BC9-A605-75583B70EBE0}.Release|Any CPU.Build.0 = Release|Any CPU
		{FFAAA0D3-9D45-4BC9-A605-75583B70EBE0}.Staging|Any CPU.ActiveCfg = Staging|Any CPU
		{FFAAA0D3-9D45-4BC9-A605-75583B70EBE0}.Staging|Any CPU.Build.0 = Staging|Any CPU
		{4A788E03-B383-4AAA-BE26-74F4CF2B41DB}.Debug|Any CPU.ActiveCfg = Debug|Any CPU
		{4A788E03-B383-4AAA-BE26-74F4CF2B41DB}.Debug|Any CPU.Build.0 = Debug|Any CPU
		{4A788E03-B383-4AAA-BE26-74F4CF2B41DB}.Release|Any CPU.ActiveCfg = Release|Any CPU
		{4A788E03-B383-4AAA-BE26-74F4CF2B41DB}.Release|Any CPU.Build.0 = Release|Any CPU
		{4A788E03-B383-4AAA-BE26-74F4CF2B41DB}.Staging|Any CPU.ActiveCfg = Testing|Any CPU
		{4A788E03-B383-4AAA-BE26-74F4CF2B41DB}.Staging|Any CPU.Build.0 = Testing|Any CPU
		{F3285315-15B7-434D-8510-D452F542AE55}.Debug|Any CPU.ActiveCfg = Debug|Any CPU
		{F3285315-15B7-434D-8510-D452F542AE55}.Debug|Any CPU.Build.0 = Debug|Any CPU
		{F3285315-15B7-434D-8510-D452F542AE55}.Release|Any CPU.ActiveCfg = Release|Any CPU
		{F3285315-15B7-434D-8510-D452F542AE55}.Release|Any CPU.Build.0 = Release|Any CPU
		{F3285315-15B7-434D-8510-D452F542AE55}.Staging|Any CPU.ActiveCfg = Staging|Any CPU
		{F3285315-15B7-434D-8510-D452F542AE55}.Staging|Any CPU.Build.0 = Staging|Any CPU
		{C482D6AA-E79A-43F4-9B3D-38889C1B44AD}.Debug|Any CPU.ActiveCfg = Debug|Any CPU
		{C482D6AA-E79A-43F4-9B3D-38889C1B44AD}.Debug|Any CPU.Build.0 = Debug|Any CPU
		{C482D6AA-E79A-43F4-9B3D-38889C1B44AD}.Release|Any CPU.ActiveCfg = Release|Any CPU
		{C482D6AA-E79A-43F4-9B3D-38889C1B44AD}.Release|Any CPU.Build.0 = Release|Any CPU
		{C482D6AA-E79A-43F4-9B3D-38889C1B44AD}.Staging|Any CPU.ActiveCfg = Staging|Any CPU
		{C482D6AA-E79A-43F4-9B3D-38889C1B44AD}.Staging|Any CPU.Build.0 = Staging|Any CPU
		{0D18DB3E-1A36-4C02-9769-44E6F4D99DEE}.Debug|Any CPU.ActiveCfg = Debug|Any CPU
		{0D18DB3E-1A36-4C02-9769-44E6F4D99DEE}.Debug|Any CPU.Build.0 = Debug|Any CPU
		{0D18DB3E-1A36-4C02-9769-44E6F4D99DEE}.Release|Any CPU.ActiveCfg = Release|Any CPU
		{0D18DB3E-1A36-4C02-9769-44E6F4D99DEE}.Release|Any CPU.Build.0 = Release|Any CPU
		{0D18DB3E-1A36-4C02-9769-44E6F4D99DEE}.Staging|Any CPU.ActiveCfg = Debug|Any CPU
		{0D18DB3E-1A36-4C02-9769-44E6F4D99DEE}.Staging|Any CPU.Build.0 = Debug|Any CPU
	EndGlobalSection
	GlobalSection(SolutionProperties) = preSolution
		HideSolutionNode = FALSE
	EndGlobalSection
EndGlobal
