
Microsoft Visual Studio Solution File, Format Version 12.00
# Visual Studio 14
VisualStudioVersion = 14.0.25420.1
MinimumVisualStudioVersion = 10.0.40219.1
Project("{FAE04EC0-301F-11D3-BF4B-00C04F79EFBC}") = "QuickFrame.Documentation", "QuickFrame.Documentation\QuickFrame.Documentation.csproj", "{1E8DDED6-9677-461F-B863-F8900BFC1DE2}"
EndProject
Project("{8BB2217D-0F2D-49D1-97BC-3654ED321F3B}") = "QuickFrame", "QuickFrame\QuickFrame.xproj", "{25844533-C85A-438D-AFF2-88A3507D4085}"
EndProject
Global
	GlobalSection(SolutionConfigurationPlatforms) = preSolution
		Debug|Any CPU = Debug|Any CPU
		Release|Any CPU = Release|Any CPU
	EndGlobalSection
	GlobalSection(ProjectConfigurationPlatforms) = postSolution
		{1E8DDED6-9677-461F-B863-F8900BFC1DE2}.Debug|Any CPU.ActiveCfg = Debug|Any CPU
		{1E8DDED6-9677-461F-B863-F8900BFC1DE2}.Debug|Any CPU.Build.0 = Debug|Any CPU
		{1E8DDED6-9677-461F-B863-F8900BFC1DE2}.Release|Any CPU.ActiveCfg = Release|Any CPU
		{1E8DDED6-9677-461F-B863-F8900BFC1DE2}.Release|Any CPU.Build.0 = Release|Any CPU
		{25844533-C85A-438D-AFF2-88A3507D4085}.Debug|Any CPU.ActiveCfg = Debug|Any CPU
		{25844533-C85A-438D-AFF2-88A3507D4085}.Debug|Any CPU.Build.0 = Debug|Any CPU
		{25844533-C85A-438D-AFF2-88A3507D4085}.Release|Any CPU.ActiveCfg = Release|Any CPU
		{25844533-C85A-438D-AFF2-88A3507D4085}.Release|Any CPU.Build.0 = Release|Any CPU
	EndGlobalSection
	GlobalSection(SolutionProperties) = preSolution
		HideSolutionNode = FALSE
	EndGlobalSection
EndGlobal
